
Microsoft Visual Studio Solution File, Format Version 12.00
# Visual Studio Version 16
VisualStudioVersion = 16.0.32002.261
MinimumVisualStudioVersion = 10.0.40219.1
Project("{FAE04EC0-301F-11D3-BF4B-00C04F79EFBC}") = "EmployeeTimeClock", "EmployeeTimeClock\EmployeeTimeClock.csproj", "{1F538F47-082C-42DC-B7FD-DF2AC24B1688}"
EndProject
Global
	GlobalSection(SolutionConfigurationPlatforms) = preSolution
		Debug|Any CPU = Debug|Any CPU
		Release|Any CPU = Release|Any CPU
	EndGlobalSection
	GlobalSection(ProjectConfigurationPlatforms) = postSolution
		{1F538F47-082C-42DC-B7FD-DF2AC24B1688}.Debug|Any CPU.ActiveCfg = Debug|Any CPU
		{1F538F47-082C-42DC-B7FD-DF2AC24B1688}.Debug|Any CPU.Build.0 = Debug|Any CPU
		{1F538F47-082C-42DC-B7FD-DF2AC24B1688}.Release|Any CPU.ActiveCfg = Release|Any CPU
		{1F538F47-082C-42DC-B7FD-DF2AC24B1688}.Release|Any CPU.Build.0 = Release|Any CPU
	EndGlobalSection
	GlobalSection(SolutionProperties) = preSolution
		HideSolutionNode = FALSE
	EndGlobalSection
	GlobalSection(ExtensibilityGlobals) = postSolution
		SolutionGuid = {7755C702-9751-4DF7-8538-732DEA257015}
	EndGlobalSection
EndGlobal
